// !$*UTF8*$!
{
	archiveVersion = 1;
	classes = {
	};
	objectVersion = 50;
	objects = {

/* Begin PBXBuildFile section */
		09FA153E84479C833579C2D9 /* Pods_Dashborad.framework in Frameworks */ = {isa = PBXBuildFile; fileRef = 5FB3B277A361947974F8A006 /* Pods_Dashborad.framework */; };
		4D0E79E371403C3F6A27374D /* Pods_DashboradTests.framework in Frameworks */ = {isa = PBXBuildFile; fileRef = 35649276FC42DF16C6367D1A /* Pods_DashboradTests.framework */; };
		AEBFCDFDB1F7466435CA92A8 /* Pods_Dashborad_DashboradUITests.framework in Frameworks */ = {isa = PBXBuildFile; fileRef = 90FC66EB036741D446DA6689 /* Pods_Dashborad_DashboradUITests.framework */; };
		DC14EFB623DBE3BD002F0F7A /* AppDelegate.swift in Sources */ = {isa = PBXBuildFile; fileRef = DC14EFB523DBE3BD002F0F7A /* AppDelegate.swift */; };
		DC14EFBA23DBE3BD002F0F7A /* DashboardViewController.swift in Sources */ = {isa = PBXBuildFile; fileRef = DC14EFB923DBE3BD002F0F7A /* DashboardViewController.swift */; };
		DC14EFBD23DBE3BD002F0F7A /* Main.storyboard in Resources */ = {isa = PBXBuildFile; fileRef = DC14EFBB23DBE3BD002F0F7A /* Main.storyboard */; };
		DC14EFBF23DBE3C0002F0F7A /* Assets.xcassets in Resources */ = {isa = PBXBuildFile; fileRef = DC14EFBE23DBE3C0002F0F7A /* Assets.xcassets */; };
		DC14EFC223DBE3C0002F0F7A /* LaunchScreen.storyboard in Resources */ = {isa = PBXBuildFile; fileRef = DC14EFC023DBE3C0002F0F7A /* LaunchScreen.storyboard */; };
		DC14EFCD23DBE3C0002F0F7A /* DashboradTests.swift in Sources */ = {isa = PBXBuildFile; fileRef = DC14EFCC23DBE3C0002F0F7A /* DashboradTests.swift */; };
		DC14EFD823DBE3C0002F0F7A /* DashboradUITests.swift in Sources */ = {isa = PBXBuildFile; fileRef = DC14EFD723DBE3C0002F0F7A /* DashboradUITests.swift */; };
		DC14EFE923DBEBC1002F0F7A /* DashboardModel.swift in Sources */ = {isa = PBXBuildFile; fileRef = DC14EFE823DBEBC1002F0F7A /* DashboardModel.swift */; };
		DC14EFEC23DBEE99002F0F7A /* Network.swift in Sources */ = {isa = PBXBuildFile; fileRef = DC14EFEB23DBEE99002F0F7A /* Network.swift */; };
		DC14EFEF23DBEEE2002F0F7A /* Constants.swift in Sources */ = {isa = PBXBuildFile; fileRef = DC14EFEE23DBEEE2002F0F7A /* Constants.swift */; };
		DC14EFF223DBEFDC002F0F7A /* DashboardViewModel.swift in Sources */ = {isa = PBXBuildFile; fileRef = DC14EFF123DBEFDC002F0F7A /* DashboardViewModel.swift */; };
		DC14EFF423DBF019002F0F7A /* DashboardParser.swift in Sources */ = {isa = PBXBuildFile; fileRef = DC14EFF323DBF019002F0F7A /* DashboardParser.swift */; };
		DC14EFF723DBF1E3002F0F7A /* DashboardListPresenter.swift in Sources */ = {isa = PBXBuildFile; fileRef = DC14EFF623DBF1E3002F0F7A /* DashboardListPresenter.swift */; };
		DC14EFFD23DBF79A002F0F7A /* RatingView.swift in Sources */ = {isa = PBXBuildFile; fileRef = DC14EFFC23DBF79A002F0F7A /* RatingView.swift */; };
		DC14EFFF23DBF7F4002F0F7A /* RatingView.xib in Resources */ = {isa = PBXBuildFile; fileRef = DC14EFFE23DBF7F4002F0F7A /* RatingView.xib */; };
		DC14F00223DBFAD9002F0F7A /* PresenterProvider.swift in Sources */ = {isa = PBXBuildFile; fileRef = DC14F00123DBFAD9002F0F7A /* PresenterProvider.swift */; };
		DC14F00423DC0100002F0F7A /* JobsProvider.swift in Sources */ = {isa = PBXBuildFile; fileRef = DC14F00323DC0100002F0F7A /* JobsProvider.swift */; };
		DC14F00823DC02E3002F0F7A /* TableViewCell.swift in Sources */ = {isa = PBXBuildFile; fileRef = DC14F00623DC02E3002F0F7A /* TableViewCell.swift */; };
		DC14F00923DC02E3002F0F7A /* TableViewCell.xib in Resources */ = {isa = PBXBuildFile; fileRef = DC14F00723DC02E3002F0F7A /* TableViewCell.xib */; };
		DC14F00C23DC070E002F0F7A /* JobsView.swift in Sources */ = {isa = PBXBuildFile; fileRef = DC14F00B23DC070E002F0F7A /* JobsView.swift */; };
		DC14F00E23DC0716002F0F7A /* JobsView.xib in Resources */ = {isa = PBXBuildFile; fileRef = DC14F00D23DC0716002F0F7A /* JobsView.xib */; };
/* End PBXBuildFile section */

/* Begin PBXContainerItemProxy section */
		DC14EFC923DBE3C0002F0F7A /* PBXContainerItemProxy */ = {
			isa = PBXContainerItemProxy;
			containerPortal = DC14EFAA23DBE3BC002F0F7A /* Project object */;
			proxyType = 1;
			remoteGlobalIDString = DC14EFB123DBE3BD002F0F7A;
			remoteInfo = Dashborad;
		};
		DC14EFD423DBE3C0002F0F7A /* PBXContainerItemProxy */ = {
			isa = PBXContainerItemProxy;
			containerPortal = DC14EFAA23DBE3BC002F0F7A /* Project object */;
			proxyType = 1;
			remoteGlobalIDString = DC14EFB123DBE3BD002F0F7A;
			remoteInfo = Dashborad;
		};
/* End PBXContainerItemProxy section */

/* Begin PBXFileReference section */
		24BB681E11F7709A638022BF /* Pods-Dashborad-DashboradUITests.debug.xcconfig */ = {isa = PBXFileReference; includeInIndex = 1; lastKnownFileType = text.xcconfig; name = "Pods-Dashborad-DashboradUITests.debug.xcconfig"; path = "Target Support Files/Pods-Dashborad-DashboradUITests/Pods-Dashborad-DashboradUITests.debug.xcconfig"; sourceTree = "<group>"; };
		35649276FC42DF16C6367D1A /* Pods_DashboradTests.framework */ = {isa = PBXFileReference; explicitFileType = wrapper.framework; includeInIndex = 0; path = Pods_DashboradTests.framework; sourceTree = BUILT_PRODUCTS_DIR; };
		45C5265FABB77D78F638C5DF /* Pods-Dashborad-DashboradUITests.release.xcconfig */ = {isa = PBXFileReference; includeInIndex = 1; lastKnownFileType = text.xcconfig; name = "Pods-Dashborad-DashboradUITests.release.xcconfig"; path = "Target Support Files/Pods-Dashborad-DashboradUITests/Pods-Dashborad-DashboradUITests.release.xcconfig"; sourceTree = "<group>"; };
		5FB3B277A361947974F8A006 /* Pods_Dashborad.framework */ = {isa = PBXFileReference; explicitFileType = wrapper.framework; includeInIndex = 0; path = Pods_Dashborad.framework; sourceTree = BUILT_PRODUCTS_DIR; };
		6D5AFF2EC794FB7432328775 /* Pods-DashboradTests.debug.xcconfig */ = {isa = PBXFileReference; includeInIndex = 1; lastKnownFileType = text.xcconfig; name = "Pods-DashboradTests.debug.xcconfig"; path = "Target Support Files/Pods-DashboradTests/Pods-DashboradTests.debug.xcconfig"; sourceTree = "<group>"; };
		8DFD28C3A6A9D26B05940C67 /* Pods-Dashborad.release.xcconfig */ = {isa = PBXFileReference; includeInIndex = 1; lastKnownFileType = text.xcconfig; name = "Pods-Dashborad.release.xcconfig"; path = "Target Support Files/Pods-Dashborad/Pods-Dashborad.release.xcconfig"; sourceTree = "<group>"; };
		90FC66EB036741D446DA6689 /* Pods_Dashborad_DashboradUITests.framework */ = {isa = PBXFileReference; explicitFileType = wrapper.framework; includeInIndex = 0; path = Pods_Dashborad_DashboradUITests.framework; sourceTree = BUILT_PRODUCTS_DIR; };
		98662591EBC219092EE2566C /* Pods-DashboradTests.release.xcconfig */ = {isa = PBXFileReference; includeInIndex = 1; lastKnownFileType = text.xcconfig; name = "Pods-DashboradTests.release.xcconfig"; path = "Target Support Files/Pods-DashboradTests/Pods-DashboradTests.release.xcconfig"; sourceTree = "<group>"; };
		B9BBA6A0241485B2D2EAA118 /* Pods-Dashborad.debug.xcconfig */ = {isa = PBXFileReference; includeInIndex = 1; lastKnownFileType = text.xcconfig; name = "Pods-Dashborad.debug.xcconfig"; path = "Target Support Files/Pods-Dashborad/Pods-Dashborad.debug.xcconfig"; sourceTree = "<group>"; };
		DC14EFB223DBE3BD002F0F7A /* Dashborad.app */ = {isa = PBXFileReference; explicitFileType = wrapper.application; includeInIndex = 0; path = Dashborad.app; sourceTree = BUILT_PRODUCTS_DIR; };
		DC14EFB523DBE3BD002F0F7A /* AppDelegate.swift */ = {isa = PBXFileReference; lastKnownFileType = sourcecode.swift; path = AppDelegate.swift; sourceTree = "<group>"; };
		DC14EFB923DBE3BD002F0F7A /* DashboardViewController.swift */ = {isa = PBXFileReference; lastKnownFileType = sourcecode.swift; path = DashboardViewController.swift; sourceTree = "<group>"; };
		DC14EFBC23DBE3BD002F0F7A /* Base */ = {isa = PBXFileReference; lastKnownFileType = file.storyboard; name = Base; path = Base.lproj/Main.storyboard; sourceTree = "<group>"; };
		DC14EFBE23DBE3C0002F0F7A /* Assets.xcassets */ = {isa = PBXFileReference; lastKnownFileType = folder.assetcatalog; path = Assets.xcassets; sourceTree = "<group>"; };
		DC14EFC123DBE3C0002F0F7A /* Base */ = {isa = PBXFileReference; lastKnownFileType = file.storyboard; name = Base; path = Base.lproj/LaunchScreen.storyboard; sourceTree = "<group>"; };
		DC14EFC323DBE3C0002F0F7A /* Info.plist */ = {isa = PBXFileReference; lastKnownFileType = text.plist.xml; path = Info.plist; sourceTree = "<group>"; };
		DC14EFC823DBE3C0002F0F7A /* DashboradTests.xctest */ = {isa = PBXFileReference; explicitFileType = wrapper.cfbundle; includeInIndex = 0; path = DashboradTests.xctest; sourceTree = BUILT_PRODUCTS_DIR; };
		DC14EFCC23DBE3C0002F0F7A /* DashboradTests.swift */ = {isa = PBXFileReference; lastKnownFileType = sourcecode.swift; path = DashboradTests.swift; sourceTree = "<group>"; };
		DC14EFCE23DBE3C0002F0F7A /* Info.plist */ = {isa = PBXFileReference; lastKnownFileType = text.plist.xml; path = Info.plist; sourceTree = "<group>"; };
		DC14EFD323DBE3C0002F0F7A /* DashboradUITests.xctest */ = {isa = PBXFileReference; explicitFileType = wrapper.cfbundle; includeInIndex = 0; path = DashboradUITests.xctest; sourceTree = BUILT_PRODUCTS_DIR; };
		DC14EFD723DBE3C0002F0F7A /* DashboradUITests.swift */ = {isa = PBXFileReference; lastKnownFileType = sourcecode.swift; path = DashboradUITests.swift; sourceTree = "<group>"; };
		DC14EFD923DBE3C0002F0F7A /* Info.plist */ = {isa = PBXFileReference; lastKnownFileType = text.plist.xml; path = Info.plist; sourceTree = "<group>"; };
		DC14EFE823DBEBC1002F0F7A /* DashboardModel.swift */ = {isa = PBXFileReference; lastKnownFileType = sourcecode.swift; path = DashboardModel.swift; sourceTree = "<group>"; };
		DC14EFEB23DBEE99002F0F7A /* Network.swift */ = {isa = PBXFileReference; lastKnownFileType = sourcecode.swift; path = Network.swift; sourceTree = "<group>"; };
		DC14EFEE23DBEEE2002F0F7A /* Constants.swift */ = {isa = PBXFileReference; lastKnownFileType = sourcecode.swift; path = Constants.swift; sourceTree = "<group>"; };
		DC14EFF123DBEFDC002F0F7A /* DashboardViewModel.swift */ = {isa = PBXFileReference; lastKnownFileType = sourcecode.swift; path = DashboardViewModel.swift; sourceTree = "<group>"; };
		DC14EFF323DBF019002F0F7A /* DashboardParser.swift */ = {isa = PBXFileReference; lastKnownFileType = sourcecode.swift; path = DashboardParser.swift; sourceTree = "<group>"; };
		DC14EFF623DBF1E3002F0F7A /* DashboardListPresenter.swift */ = {isa = PBXFileReference; lastKnownFileType = sourcecode.swift; path = DashboardListPresenter.swift; sourceTree = "<group>"; };
		DC14EFFC23DBF79A002F0F7A /* RatingView.swift */ = {isa = PBXFileReference; lastKnownFileType = sourcecode.swift; path = RatingView.swift; sourceTree = "<group>"; };
		DC14EFFE23DBF7F4002F0F7A /* RatingView.xib */ = {isa = PBXFileReference; lastKnownFileType = file.xib; path = RatingView.xib; sourceTree = "<group>"; };
		DC14F00123DBFAD9002F0F7A /* PresenterProvider.swift */ = {isa = PBXFileReference; lastKnownFileType = sourcecode.swift; path = PresenterProvider.swift; sourceTree = "<group>"; };
		DC14F00323DC0100002F0F7A /* JobsProvider.swift */ = {isa = PBXFileReference; lastKnownFileType = sourcecode.swift; path = JobsProvider.swift; sourceTree = "<group>"; };
		DC14F00623DC02E3002F0F7A /* TableViewCell.swift */ = {isa = PBXFileReference; lastKnownFileType = sourcecode.swift; path = TableViewCell.swift; sourceTree = "<group>"; };
		DC14F00723DC02E3002F0F7A /* TableViewCell.xib */ = {isa = PBXFileReference; lastKnownFileType = file.xib; path = TableViewCell.xib; sourceTree = "<group>"; };
		DC14F00B23DC070E002F0F7A /* JobsView.swift */ = {isa = PBXFileReference; lastKnownFileType = sourcecode.swift; path = JobsView.swift; sourceTree = "<group>"; };
		DC14F00D23DC0716002F0F7A /* JobsView.xib */ = {isa = PBXFileReference; lastKnownFileType = file.xib; path = JobsView.xib; sourceTree = "<group>"; };
/* End PBXFileReference section */

/* Begin PBXFrameworksBuildPhase section */
		DC14EFAF23DBE3BD002F0F7A /* Frameworks */ = {
			isa = PBXFrameworksBuildPhase;
			buildActionMask = 2147483647;
			files = (
				09FA153E84479C833579C2D9 /* Pods_Dashborad.framework in Frameworks */,
			);
			runOnlyForDeploymentPostprocessing = 0;
		};
		DC14EFC523DBE3C0002F0F7A /* Frameworks */ = {
			isa = PBXFrameworksBuildPhase;
			buildActionMask = 2147483647;
			files = (
				4D0E79E371403C3F6A27374D /* Pods_DashboradTests.framework in Frameworks */,
			);
			runOnlyForDeploymentPostprocessing = 0;
		};
		DC14EFD023DBE3C0002F0F7A /* Frameworks */ = {
			isa = PBXFrameworksBuildPhase;
			buildActionMask = 2147483647;
			files = (
				AEBFCDFDB1F7466435CA92A8 /* Pods_Dashborad_DashboradUITests.framework in Frameworks */,
			);
			runOnlyForDeploymentPostprocessing = 0;
		};
/* End PBXFrameworksBuildPhase section */

/* Begin PBXGroup section */
		7ED19C12144ABCA458E82F3E /* Frameworks */ = {
			isa = PBXGroup;
			children = (
				5FB3B277A361947974F8A006 /* Pods_Dashborad.framework */,
				90FC66EB036741D446DA6689 /* Pods_Dashborad_DashboradUITests.framework */,
				35649276FC42DF16C6367D1A /* Pods_DashboradTests.framework */,
			);
			name = Frameworks;
			sourceTree = "<group>";
		};
		DC14EFA923DBE3BC002F0F7A = {
			isa = PBXGroup;
			children = (
				DC14EFB423DBE3BD002F0F7A /* Dashborad */,
				DC14EFCB23DBE3C0002F0F7A /* DashboradTests */,
				DC14EFD623DBE3C0002F0F7A /* DashboradUITests */,
				DC14EFB323DBE3BD002F0F7A /* Products */,
				DE1179C6D51330AA09FBD31E /* Pods */,
				7ED19C12144ABCA458E82F3E /* Frameworks */,
			);
			sourceTree = "<group>";
		};
		DC14EFB323DBE3BD002F0F7A /* Products */ = {
			isa = PBXGroup;
			children = (
				DC14EFB223DBE3BD002F0F7A /* Dashborad.app */,
				DC14EFC823DBE3C0002F0F7A /* DashboradTests.xctest */,
				DC14EFD323DBE3C0002F0F7A /* DashboradUITests.xctest */,
			);
			name = Products;
			sourceTree = "<group>";
		};
		DC14EFB423DBE3BD002F0F7A /* Dashborad */ = {
			isa = PBXGroup;
			children = (
				DC14EFB523DBE3BD002F0F7A /* AppDelegate.swift */,
				DC14EFE623DBEB7B002F0F7A /* Utils */,
				DC14EFE523DBEB1D002F0F7A /* Dashboard */,
				DC14EFBB23DBE3BD002F0F7A /* Main.storyboard */,
				DC14EFBE23DBE3C0002F0F7A /* Assets.xcassets */,
				DC14EFC023DBE3C0002F0F7A /* LaunchScreen.storyboard */,
				DC14EFC323DBE3C0002F0F7A /* Info.plist */,
			);
			path = Dashborad;
			sourceTree = "<group>";
		};
		DC14EFCB23DBE3C0002F0F7A /* DashboradTests */ = {
			isa = PBXGroup;
			children = (
				DC14EFCC23DBE3C0002F0F7A /* DashboradTests.swift */,
				DC14EFCE23DBE3C0002F0F7A /* Info.plist */,
			);
			path = DashboradTests;
			sourceTree = "<group>";
		};
		DC14EFD623DBE3C0002F0F7A /* DashboradUITests */ = {
			isa = PBXGroup;
			children = (
				DC14EFD723DBE3C0002F0F7A /* DashboradUITests.swift */,
				DC14EFD923DBE3C0002F0F7A /* Info.plist */,
			);
			path = DashboradUITests;
			sourceTree = "<group>";
		};
		DC14EFE523DBEB1D002F0F7A /* Dashboard */ = {
			isa = PBXGroup;
			children = (
				DC14F00023DBFA8C002F0F7A /* Providers */,
				DC14EFF823DBF3C3002F0F7A /* Views */,
				DC14EFF523DBF1D2002F0F7A /* Presenter */,
				DC14EFF023DBEFC1002F0F7A /* ViewModel */,
				DC14EFEA23DBEE75002F0F7A /* Network */,
				DC14EFE723DBEBA6002F0F7A /* Models */,
			);
			path = Dashboard;
			sourceTree = "<group>";
		};
		DC14EFE623DBEB7B002F0F7A /* Utils */ = {
			isa = PBXGroup;
			children = (
				DC14EFED23DBEED4002F0F7A /* Constants */,
			);
			path = Utils;
			sourceTree = "<group>";
		};
		DC14EFE723DBEBA6002F0F7A /* Models */ = {
			isa = PBXGroup;
			children = (
				DC14EFE823DBEBC1002F0F7A /* DashboardModel.swift */,
			);
			path = Models;
			sourceTree = "<group>";
		};
		DC14EFEA23DBEE75002F0F7A /* Network */ = {
			isa = PBXGroup;
			children = (
				DC14EFEB23DBEE99002F0F7A /* Network.swift */,
				DC14EFF323DBF019002F0F7A /* DashboardParser.swift */,
			);
			path = Network;
			sourceTree = "<group>";
		};
		DC14EFED23DBEED4002F0F7A /* Constants */ = {
			isa = PBXGroup;
			children = (
				DC14EFEE23DBEEE2002F0F7A /* Constants.swift */,
			);
			path = Constants;
			sourceTree = "<group>";
		};
		DC14EFF023DBEFC1002F0F7A /* ViewModel */ = {
			isa = PBXGroup;
			children = (
				DC14EFF123DBEFDC002F0F7A /* DashboardViewModel.swift */,
			);
			path = ViewModel;
			sourceTree = "<group>";
		};
		DC14EFF523DBF1D2002F0F7A /* Presenter */ = {
			isa = PBXGroup;
			children = (
				DC14EFF623DBF1E3002F0F7A /* DashboardListPresenter.swift */,
			);
			path = Presenter;
			sourceTree = "<group>";
		};
		DC14EFF823DBF3C3002F0F7A /* Views */ = {
			isa = PBXGroup;
			children = (
				DC14F00523DC02B8002F0F7A /* Cells */,
				DC14EFFA23DBF75F002F0F7A /* XIBs */,
				DC14EFF923DBF3CC002F0F7A /* Controller */,
			);
			path = Views;
			sourceTree = "<group>";
		};
		DC14EFF923DBF3CC002F0F7A /* Controller */ = {
			isa = PBXGroup;
			children = (
				DC14EFB923DBE3BD002F0F7A /* DashboardViewController.swift */,
			);
			path = Controller;
			sourceTree = "<group>";
		};
		DC14EFFA23DBF75F002F0F7A /* XIBs */ = {
			isa = PBXGroup;
			children = (
				DC14F00A23DC06EC002F0F7A /* Jobs */,
				DC14EFFB23DBF773002F0F7A /* Rating */,
			);
			path = XIBs;
			sourceTree = "<group>";
		};
		DC14EFFB23DBF773002F0F7A /* Rating */ = {
			isa = PBXGroup;
			children = (
				DC14EFFC23DBF79A002F0F7A /* RatingView.swift */,
				DC14EFFE23DBF7F4002F0F7A /* RatingView.xib */,
			);
			name = Rating;
			sourceTree = "<group>";
		};
		DC14F00023DBFA8C002F0F7A /* Providers */ = {
			isa = PBXGroup;
			children = (
				DC14F00123DBFAD9002F0F7A /* PresenterProvider.swift */,
				DC14F00323DC0100002F0F7A /* JobsProvider.swift */,
			);
			path = Providers;
			sourceTree = "<group>";
		};
		DC14F00523DC02B8002F0F7A /* Cells */ = {
			isa = PBXGroup;
			children = (
				DC14F00623DC02E3002F0F7A /* TableViewCell.swift */,
				DC14F00723DC02E3002F0F7A /* TableViewCell.xib */,
			);
			path = Cells;
			sourceTree = "<group>";
		};
		DC14F00A23DC06EC002F0F7A /* Jobs */ = {
			isa = PBXGroup;
			children = (
				DC14F00B23DC070E002F0F7A /* JobsView.swift */,
				DC14F00D23DC0716002F0F7A /* JobsView.xib */,
			);
			name = Jobs;
			sourceTree = "<group>";
		};
		DE1179C6D51330AA09FBD31E /* Pods */ = {
			isa = PBXGroup;
			children = (
				B9BBA6A0241485B2D2EAA118 /* Pods-Dashborad.debug.xcconfig */,
				8DFD28C3A6A9D26B05940C67 /* Pods-Dashborad.release.xcconfig */,
				24BB681E11F7709A638022BF /* Pods-Dashborad-DashboradUITests.debug.xcconfig */,
				45C5265FABB77D78F638C5DF /* Pods-Dashborad-DashboradUITests.release.xcconfig */,
				6D5AFF2EC794FB7432328775 /* Pods-DashboradTests.debug.xcconfig */,
				98662591EBC219092EE2566C /* Pods-DashboradTests.release.xcconfig */,
			);
			path = Pods;
			sourceTree = "<group>";
		};
/* End PBXGroup section */

/* Begin PBXNativeTarget section */
		DC14EFB123DBE3BD002F0F7A /* Dashborad */ = {
			isa = PBXNativeTarget;
			buildConfigurationList = DC14EFDC23DBE3C0002F0F7A /* Build configuration list for PBXNativeTarget "Dashborad" */;
			buildPhases = (
				19B182FFB6E9293BD1432F0E /* [CP] Check Pods Manifest.lock */,
				DC14EFAE23DBE3BD002F0F7A /* Sources */,
				DC14EFAF23DBE3BD002F0F7A /* Frameworks */,
				DC14EFB023DBE3BD002F0F7A /* Resources */,
			);
			buildRules = (
			);
			dependencies = (
			);
			name = Dashborad;
			productName = Dashborad;
			productReference = DC14EFB223DBE3BD002F0F7A /* Dashborad.app */;
			productType = "com.apple.product-type.application";
		};
		DC14EFC723DBE3C0002F0F7A /* DashboradTests */ = {
			isa = PBXNativeTarget;
			buildConfigurationList = DC14EFDF23DBE3C0002F0F7A /* Build configuration list for PBXNativeTarget "DashboradTests" */;
			buildPhases = (
				15BCDE030897ADD455047F52 /* [CP] Check Pods Manifest.lock */,
				DC14EFC423DBE3C0002F0F7A /* Sources */,
				DC14EFC523DBE3C0002F0F7A /* Frameworks */,
				DC14EFC623DBE3C0002F0F7A /* Resources */,
			);
			buildRules = (
			);
			dependencies = (
				DC14EFCA23DBE3C0002F0F7A /* PBXTargetDependency */,
			);
			name = DashboradTests;
			productName = DashboradTests;
			productReference = DC14EFC823DBE3C0002F0F7A /* DashboradTests.xctest */;
			productType = "com.apple.product-type.bundle.unit-test";
		};
		DC14EFD223DBE3C0002F0F7A /* DashboradUITests */ = {
			isa = PBXNativeTarget;
			buildConfigurationList = DC14EFE223DBE3C0002F0F7A /* Build configuration list for PBXNativeTarget "DashboradUITests" */;
			buildPhases = (
				9B26F0C6F118EB7F3B352482 /* [CP] Check Pods Manifest.lock */,
				DC14EFCF23DBE3C0002F0F7A /* Sources */,
				DC14EFD023DBE3C0002F0F7A /* Frameworks */,
				DC14EFD123DBE3C0002F0F7A /* Resources */,
			);
			buildRules = (
			);
			dependencies = (
				DC14EFD523DBE3C0002F0F7A /* PBXTargetDependency */,
			);
			name = DashboradUITests;
			productName = DashboradUITests;
			productReference = DC14EFD323DBE3C0002F0F7A /* DashboradUITests.xctest */;
			productType = "com.apple.product-type.bundle.ui-testing";
		};
/* End PBXNativeTarget section */

/* Begin PBXProject section */
		DC14EFAA23DBE3BC002F0F7A /* Project object */ = {
			isa = PBXProject;
			attributes = {
				LastSwiftUpdateCheck = 1130;
				LastUpgradeCheck = 1130;
				ORGANIZATIONNAME = Jamil;
				TargetAttributes = {
					DC14EFB123DBE3BD002F0F7A = {
						CreatedOnToolsVersion = 11.3.1;
					};
					DC14EFC723DBE3C0002F0F7A = {
						CreatedOnToolsVersion = 11.3.1;
						TestTargetID = DC14EFB123DBE3BD002F0F7A;
					};
					DC14EFD223DBE3C0002F0F7A = {
						CreatedOnToolsVersion = 11.3.1;
						TestTargetID = DC14EFB123DBE3BD002F0F7A;
					};
				};
			};
			buildConfigurationList = DC14EFAD23DBE3BC002F0F7A /* Build configuration list for PBXProject "Dashborad" */;
			compatibilityVersion = "Xcode 9.3";
			developmentRegion = en;
			hasScannedForEncodings = 0;
			knownRegions = (
				en,
				Base,
			);
			mainGroup = DC14EFA923DBE3BC002F0F7A;
			productRefGroup = DC14EFB323DBE3BD002F0F7A /* Products */;
			projectDirPath = "";
			projectRoot = "";
			targets = (
				DC14EFB123DBE3BD002F0F7A /* Dashborad */,
				DC14EFC723DBE3C0002F0F7A /* DashboradTests */,
				DC14EFD223DBE3C0002F0F7A /* DashboradUITests */,
			);
		};
/* End PBXProject section */

/* Begin PBXResourcesBuildPhase section */
		DC14EFB023DBE3BD002F0F7A /* Resources */ = {
			isa = PBXResourcesBuildPhase;
			buildActionMask = 2147483647;
			files = (
				DC14EFC223DBE3C0002F0F7A /* LaunchScreen.storyboard in Resources */,
				DC14F00923DC02E3002F0F7A /* TableViewCell.xib in Resources */,
				DC14F00E23DC0716002F0F7A /* JobsView.xib in Resources */,
				DC14EFBF23DBE3C0002F0F7A /* Assets.xcassets in Resources */,
				DC14EFBD23DBE3BD002F0F7A /* Main.storyboard in Resources */,
				DC14EFFF23DBF7F4002F0F7A /* RatingView.xib in Resources */,
			);
			runOnlyForDeploymentPostprocessing = 0;
		};
		DC14EFC623DBE3C0002F0F7A /* Resources */ = {
			isa = PBXResourcesBuildPhase;
			buildActionMask = 2147483647;
			files = (
			);
			runOnlyForDeploymentPostprocessing = 0;
		};
		DC14EFD123DBE3C0002F0F7A /* Resources */ = {
			isa = PBXResourcesBuildPhase;
			buildActionMask = 2147483647;
			files = (
			);
			runOnlyForDeploymentPostprocessing = 0;
		};
/* End PBXResourcesBuildPhase section */

/* Begin PBXShellScriptBuildPhase section */
		15BCDE030897ADD455047F52 /* [CP] Check Pods Manifest.lock */ = {
			isa = PBXShellScriptBuildPhase;
			buildActionMask = 2147483647;
			files = (
			);
			inputFileListPaths = (
			);
			inputPaths = (
				"${PODS_PODFILE_DIR_PATH}/Podfile.lock",
				"${PODS_ROOT}/Manifest.lock",
			);
			name = "[CP] Check Pods Manifest.lock";
			outputFileListPaths = (
			);
			outputPaths = (
				"$(DERIVED_FILE_DIR)/Pods-DashboradTests-checkManifestLockResult.txt",
			);
			runOnlyForDeploymentPostprocessing = 0;
			shellPath = /bin/sh;
			shellScript = "diff \"${PODS_PODFILE_DIR_PATH}/Podfile.lock\" \"${PODS_ROOT}/Manifest.lock\" > /dev/null\nif [ $? != 0 ] ; then\n    # print error to STDERR\n    echo \"error: The sandbox is not in sync with the Podfile.lock. Run 'pod install' or update your CocoaPods installation.\" >&2\n    exit 1\nfi\n# This output is used by Xcode 'outputs' to avoid re-running this script phase.\necho \"SUCCESS\" > \"${SCRIPT_OUTPUT_FILE_0}\"\n";
			showEnvVarsInLog = 0;
		};
		19B182FFB6E9293BD1432F0E /* [CP] Check Pods Manifest.lock */ = {
			isa = PBXShellScriptBuildPhase;
			buildActionMask = 2147483647;
			files = (
			);
			inputFileListPaths = (
			);
			inputPaths = (
				"${PODS_PODFILE_DIR_PATH}/Podfile.lock",
				"${PODS_ROOT}/Manifest.lock",
			);
			name = "[CP] Check Pods Manifest.lock";
			outputFileListPaths = (
			);
			outputPaths = (
				"$(DERIVED_FILE_DIR)/Pods-Dashborad-checkManifestLockResult.txt",
			);
			runOnlyForDeploymentPostprocessing = 0;
			shellPath = /bin/sh;
			shellScript = "diff \"${PODS_PODFILE_DIR_PATH}/Podfile.lock\" \"${PODS_ROOT}/Manifest.lock\" > /dev/null\nif [ $? != 0 ] ; then\n    # print error to STDERR\n    echo \"error: The sandbox is not in sync with the Podfile.lock. Run 'pod install' or update your CocoaPods installation.\" >&2\n    exit 1\nfi\n# This output is used by Xcode 'outputs' to avoid re-running this script phase.\necho \"SUCCESS\" > \"${SCRIPT_OUTPUT_FILE_0}\"\n";
			showEnvVarsInLog = 0;
		};
		9B26F0C6F118EB7F3B352482 /* [CP] Check Pods Manifest.lock */ = {
			isa = PBXShellScriptBuildPhase;
			buildActionMask = 2147483647;
			files = (
			);
			inputFileListPaths = (
			);
			inputPaths = (
				"${PODS_PODFILE_DIR_PATH}/Podfile.lock",
				"${PODS_ROOT}/Manifest.lock",
			);
			name = "[CP] Check Pods Manifest.lock";
			outputFileListPaths = (
			);
			outputPaths = (
				"$(DERIVED_FILE_DIR)/Pods-Dashborad-DashboradUITests-checkManifestLockResult.txt",
			);
			runOnlyForDeploymentPostprocessing = 0;
			shellPath = /bin/sh;
			shellScript = "diff \"${PODS_PODFILE_DIR_PATH}/Podfile.lock\" \"${PODS_ROOT}/Manifest.lock\" > /dev/null\nif [ $? != 0 ] ; then\n    # print error to STDERR\n    echo \"error: The sandbox is not in sync with the Podfile.lock. Run 'pod install' or update your CocoaPods installation.\" >&2\n    exit 1\nfi\n# This output is used by Xcode 'outputs' to avoid re-running this script phase.\necho \"SUCCESS\" > \"${SCRIPT_OUTPUT_FILE_0}\"\n";
			showEnvVarsInLog = 0;
		};
/* End PBXShellScriptBuildPhase section */

/* Begin PBXSourcesBuildPhase section */
		DC14EFAE23DBE3BD002F0F7A /* Sources */ = {
			isa = PBXSourcesBuildPhase;
			buildActionMask = 2147483647;
			files = (
				DC14EFEF23DBEEE2002F0F7A /* Constants.swift in Sources */,
				DC14EFBA23DBE3BD002F0F7A /* DashboardViewController.swift in Sources */,
				DC14EFE923DBEBC1002F0F7A /* DashboardModel.swift in Sources */,
				DC14EFFD23DBF79A002F0F7A /* RatingView.swift in Sources */,
				DC14EFF723DBF1E3002F0F7A /* DashboardListPresenter.swift in Sources */,
				DC14EFF223DBEFDC002F0F7A /* DashboardViewModel.swift in Sources */,
				DC14EFEC23DBEE99002F0F7A /* Network.swift in Sources */,
				DC14F00223DBFAD9002F0F7A /* PresenterProvider.swift in Sources */,
				DC14EFB623DBE3BD002F0F7A /* AppDelegate.swift in Sources */,
				DC14F00C23DC070E002F0F7A /* JobsView.swift in Sources */,
				DC14F00823DC02E3002F0F7A /* TableViewCell.swift in Sources */,
				DC14F00423DC0100002F0F7A /* JobsProvider.swift in Sources */,
				DC14EFF423DBF019002F0F7A /* DashboardParser.swift in Sources */,
			);
			runOnlyForDeploymentPostprocessing = 0;
		};
		DC14EFC423DBE3C0002F0F7A /* Sources */ = {
			isa = PBXSourcesBuildPhase;
			buildActionMask = 2147483647;
			files = (
				DC14EFCD23DBE3C0002F0F7A /* DashboradTests.swift in Sources */,
			);
			runOnlyForDeploymentPostprocessing = 0;
		};
		DC14EFCF23DBE3C0002F0F7A /* Sources */ = {
			isa = PBXSourcesBuildPhase;
			buildActionMask = 2147483647;
			files = (
				DC14EFD823DBE3C0002F0F7A /* DashboradUITests.swift in Sources */,
			);
			runOnlyForDeploymentPostprocessing = 0;
		};
/* End PBXSourcesBuildPhase section */

/* Begin PBXTargetDependency section */
		DC14EFCA23DBE3C0002F0F7A /* PBXTargetDependency */ = {
			isa = PBXTargetDependency;
			target = DC14EFB123DBE3BD002F0F7A /* Dashborad */;
			targetProxy = DC14EFC923DBE3C0002F0F7A /* PBXContainerItemProxy */;
		};
		DC14EFD523DBE3C0002F0F7A /* PBXTargetDependency */ = {
			isa = PBXTargetDependency;
			target = DC14EFB123DBE3BD002F0F7A /* Dashborad */;
			targetProxy = DC14EFD423DBE3C0002F0F7A /* PBXContainerItemProxy */;
		};
/* End PBXTargetDependency section */

/* Begin PBXVariantGroup section */
		DC14EFBB23DBE3BD002F0F7A /* Main.storyboard */ = {
			isa = PBXVariantGroup;
			children = (
				DC14EFBC23DBE3BD002F0F7A /* Base */,
			);
			name = Main.storyboard;
			sourceTree = "<group>";
		};
		DC14EFC023DBE3C0002F0F7A /* LaunchScreen.storyboard */ = {
			isa = PBXVariantGroup;
			children = (
				DC14EFC123DBE3C0002F0F7A /* Base */,
			);
			name = LaunchScreen.storyboard;
			sourceTree = "<group>";
		};
/* End PBXVariantGroup section */

/* Begin XCBuildConfiguration section */
		DC14EFDA23DBE3C0002F0F7A /* Debug */ = {
			isa = XCBuildConfiguration;
			buildSettings = {
				ALWAYS_SEARCH_USER_PATHS = NO;
				CLANG_ANALYZER_NONNULL = YES;
				CLANG_ANALYZER_NUMBER_OBJECT_CONVERSION = YES_AGGRESSIVE;
				CLANG_CXX_LANGUAGE_STANDARD = "gnu++14";
				CLANG_CXX_LIBRARY = "libc++";
				CLANG_ENABLE_MODULES = YES;
				CLANG_ENABLE_OBJC_ARC = YES;
				CLANG_ENABLE_OBJC_WEAK = YES;
				CLANG_WARN_BLOCK_CAPTURE_AUTORELEASING = YES;
				CLANG_WARN_BOOL_CONVERSION = YES;
				CLANG_WARN_COMMA = YES;
				CLANG_WARN_CONSTANT_CONVERSION = YES;
				CLANG_WARN_DEPRECATED_OBJC_IMPLEMENTATIONS = YES;
				CLANG_WARN_DIRECT_OBJC_ISA_USAGE = YES_ERROR;
				CLANG_WARN_DOCUMENTATION_COMMENTS = YES;
				CLANG_WARN_EMPTY_BODY = YES;
				CLANG_WARN_ENUM_CONVERSION = YES;
				CLANG_WARN_INFINITE_RECURSION = YES;
				CLANG_WARN_INT_CONVERSION = YES;
				CLANG_WARN_NON_LITERAL_NULL_CONVERSION = YES;
				CLANG_WARN_OBJC_IMPLICIT_RETAIN_SELF = YES;
				CLANG_WARN_OBJC_LITERAL_CONVERSION = YES;
				CLANG_WARN_OBJC_ROOT_CLASS = YES_ERROR;
				CLANG_WARN_RANGE_LOOP_ANALYSIS = YES;
				CLANG_WARN_STRICT_PROTOTYPES = YES;
				CLANG_WARN_SUSPICIOUS_MOVE = YES;
				CLANG_WARN_UNGUARDED_AVAILABILITY = YES_AGGRESSIVE;
				CLANG_WARN_UNREACHABLE_CODE = YES;
				CLANG_WARN__DUPLICATE_METHOD_MATCH = YES;
				COPY_PHASE_STRIP = NO;
				DEBUG_INFORMATION_FORMAT = dwarf;
				ENABLE_STRICT_OBJC_MSGSEND = YES;
				ENABLE_TESTABILITY = YES;
				GCC_C_LANGUAGE_STANDARD = gnu11;
				GCC_DYNAMIC_NO_PIC = NO;
				GCC_NO_COMMON_BLOCKS = YES;
				GCC_OPTIMIZATION_LEVEL = 0;
				GCC_PREPROCESSOR_DEFINITIONS = (
					"DEBUG=1",
					"$(inherited)",
				);
				GCC_WARN_64_TO_32_BIT_CONVERSION = YES;
				GCC_WARN_ABOUT_RETURN_TYPE = YES_ERROR;
				GCC_WARN_UNDECLARED_SELECTOR = YES;
				GCC_WARN_UNINITIALIZED_AUTOS = YES_AGGRESSIVE;
				GCC_WARN_UNUSED_FUNCTION = YES;
				GCC_WARN_UNUSED_VARIABLE = YES;
				IPHONEOS_DEPLOYMENT_TARGET = 13.2;
				MTL_ENABLE_DEBUG_INFO = INCLUDE_SOURCE;
				MTL_FAST_MATH = YES;
				ONLY_ACTIVE_ARCH = YES;
				SDKROOT = iphoneos;
				SWIFT_ACTIVE_COMPILATION_CONDITIONS = DEBUG;
				SWIFT_OPTIMIZATION_LEVEL = "-Onone";
			};
			name = Debug;
		};
		DC14EFDB23DBE3C0002F0F7A /* Release */ = {
			isa = XCBuildConfiguration;
			buildSettings = {
				ALWAYS_SEARCH_USER_PATHS = NO;
				CLANG_ANALYZER_NONNULL = YES;
				CLANG_ANALYZER_NUMBER_OBJECT_CONVERSION = YES_AGGRESSIVE;
				CLANG_CXX_LANGUAGE_STANDARD = "gnu++14";
				CLANG_CXX_LIBRARY = "libc++";
				CLANG_ENABLE_MODULES = YES;
				CLANG_ENABLE_OBJC_ARC = YES;
				CLANG_ENABLE_OBJC_WEAK = YES;
				CLANG_WARN_BLOCK_CAPTURE_AUTORELEASING = YES;
				CLANG_WARN_BOOL_CONVERSION = YES;
				CLANG_WARN_COMMA = YES;
				CLANG_WARN_CONSTANT_CONVERSION = YES;
				CLANG_WARN_DEPRECATED_OBJC_IMPLEMENTATIONS = YES;
				CLANG_WARN_DIRECT_OBJC_ISA_USAGE = YES_ERROR;
				CLANG_WARN_DOCUMENTATION_COMMENTS = YES;
				CLANG_WARN_EMPTY_BODY = YES;
				CLANG_WARN_ENUM_CONVERSION = YES;
				CLANG_WARN_INFINITE_RECURSION = YES;
				CLANG_WARN_INT_CONVERSION = YES;
				CLANG_WARN_NON_LITERAL_NULL_CONVERSION = YES;
				CLANG_WARN_OBJC_IMPLICIT_RETAIN_SELF = YES;
				CLANG_WARN_OBJC_LITERAL_CONVERSION = YES;
				CLANG_WARN_OBJC_ROOT_CLASS = YES_ERROR;
				CLANG_WARN_RANGE_LOOP_ANALYSIS = YES;
				CLANG_WARN_STRICT_PROTOTYPES = YES;
				CLANG_WARN_SUSPICIOUS_MOVE = YES;
				CLANG_WARN_UNGUARDED_AVAILABILITY = YES_AGGRESSIVE;
				CLANG_WARN_UNREACHABLE_CODE = YES;
				CLANG_WARN__DUPLICATE_METHOD_MATCH = YES;
				COPY_PHASE_STRIP = NO;
				DEBUG_INFORMATION_FORMAT = "dwarf-with-dsym";
				ENABLE_NS_ASSERTIONS = NO;
				ENABLE_STRICT_OBJC_MSGSEND = YES;
				GCC_C_LANGUAGE_STANDARD = gnu11;
				GCC_NO_COMMON_BLOCKS = YES;
				GCC_WARN_64_TO_32_BIT_CONVERSION = YES;
				GCC_WARN_ABOUT_RETURN_TYPE = YES_ERROR;
				GCC_WARN_UNDECLARED_SELECTOR = YES;
				GCC_WARN_UNINITIALIZED_AUTOS = YES_AGGRESSIVE;
				GCC_WARN_UNUSED_FUNCTION = YES;
				GCC_WARN_UNUSED_VARIABLE = YES;
				IPHONEOS_DEPLOYMENT_TARGET = 13.2;
				MTL_ENABLE_DEBUG_INFO = NO;
				MTL_FAST_MATH = YES;
				SDKROOT = iphoneos;
				SWIFT_COMPILATION_MODE = wholemodule;
				SWIFT_OPTIMIZATION_LEVEL = "-O";
				VALIDATE_PRODUCT = YES;
			};
			name = Release;
		};
		DC14EFDD23DBE3C0002F0F7A /* Debug */ = {
			isa = XCBuildConfiguration;
			baseConfigurationReference = B9BBA6A0241485B2D2EAA118 /* Pods-Dashborad.debug.xcconfig */;
			buildSettings = {
				ASSETCATALOG_COMPILER_APPICON_NAME = AppIcon;
				CODE_SIGN_STYLE = Automatic;
				INFOPLIST_FILE = Dashborad/Info.plist;
				LD_RUNPATH_SEARCH_PATHS = (
					"$(inherited)",
					"@executable_path/Frameworks",
				);
				PRODUCT_BUNDLE_IDENTIFIER = Jamil.Dashborad;
				PRODUCT_NAME = "$(TARGET_NAME)";
				SWIFT_VERSION = 5.0;
				TARGETED_DEVICE_FAMILY = "1,2";
			};
			name = Debug;
		};
		DC14EFDE23DBE3C0002F0F7A /* Release */ = {
			isa = XCBuildConfiguration;
			baseConfigurationReference = 8DFD28C3A6A9D26B05940C67 /* Pods-Dashborad.release.xcconfig */;
			buildSettings = {
				ASSETCATALOG_COMPILER_APPICON_NAME = AppIcon;
				CODE_SIGN_STYLE = Automatic;
				INFOPLIST_FILE = Dashborad/Info.plist;
				LD_RUNPATH_SEARCH_PATHS = (
					"$(inherited)",
					"@executable_path/Frameworks",
				);
				PRODUCT_BUNDLE_IDENTIFIER = Jamil.Dashborad;
				PRODUCT_NAME = "$(TARGET_NAME)";
				SWIFT_VERSION = 5.0;
				TARGETED_DEVICE_FAMILY = "1,2";
			};
			name = Release;
		};
		DC14EFE023DBE3C0002F0F7A /* Debug */ = {
			isa = XCBuildConfiguration;
			baseConfigurationReference = 6D5AFF2EC794FB7432328775 /* Pods-DashboradTests.debug.xcconfig */;
			buildSettings = {
				ALWAYS_EMBED_SWIFT_STANDARD_LIBRARIES = YES;
				BUNDLE_LOADER = "$(TEST_HOST)";
				CODE_SIGN_STYLE = Automatic;
				INFOPLIST_FILE = DashboradTests/Info.plist;
				IPHONEOS_DEPLOYMENT_TARGET = 13.2;
				LD_RUNPATH_SEARCH_PATHS = (
					"$(inherited)",
					"@executable_path/Frameworks",
					"@loader_path/Frameworks",
				);
				PRODUCT_BUNDLE_IDENTIFIER = Jamil.DashboradTests;
				PRODUCT_NAME = "$(TARGET_NAME)";
				SWIFT_VERSION = 5.0;
				TARGETED_DEVICE_FAMILY = "1,2";
				TEST_HOST = "$(BUILT_PRODUCTS_DIR)/Dashborad.app/Dashborad";
			};
			name = Debug;
		};
		DC14EFE123DBE3C0002F0F7A /* Release */ = {
			isa = XCBuildConfiguration;
			baseConfigurationReference = 98662591EBC219092EE2566C /* Pods-DashboradTests.release.xcconfig */;
			buildSettings = {
				ALWAYS_EMBED_SWIFT_STANDARD_LIBRARIES = YES;
				BUNDLE_LOADER = "$(TEST_HOST)";
				CODE_SIGN_STYLE = Automatic;
				INFOPLIST_FILE = DashboradTests/Info.plist;
				IPHONEOS_DEPLOYMENT_TARGET = 13.2;
				LD_RUNPATH_SEARCH_PATHS = (
					"$(inherited)",
					"@executable_path/Frameworks",
					"@loader_path/Frameworks",
				);
				PRODUCT_BUNDLE_IDENTIFIER = Jamil.DashboradTests;
				PRODUCT_NAME = "$(TARGET_NAME)";
				SWIFT_VERSION = 5.0;
				TARGETED_DEVICE_FAMILY = "1,2";
				TEST_HOST = "$(BUILT_PRODUCTS_DIR)/Dashborad.app/Dashborad";
			};
			name = Release;
		};
		DC14EFE323DBE3C0002F0F7A /* Debug */ = {
			isa = XCBuildConfiguration;
			baseConfigurationReference = 24BB681E11F7709A638022BF /* Pods-Dashborad-DashboradUITests.debug.xcconfig */;
			buildSettings = {
				ALWAYS_EMBED_SWIFT_STANDARD_LIBRARIES = YES;
				CODE_SIGN_STYLE = Automatic;
				INFOPLIST_FILE = DashboradUITests/Info.plist;
				LD_RUNPATH_SEARCH_PATHS = (
					"$(inherited)",
					"@executable_path/Frameworks",
					"@loader_path/Frameworks",
				);
				PRODUCT_BUNDLE_IDENTIFIER = Jamil.DashboradUITests;
				PRODUCT_NAME = "$(TARGET_NAME)";
				SWIFT_VERSION = 5.0;
				TARGETED_DEVICE_FAMILY = "1,2";
				TEST_TARGET_NAME = Dashborad;
			};
			name = Debug;
		};
		DC14EFE423DBE3C0002F0F7A /* Release */ = {
			isa = XCBuildConfiguration;
			baseConfigurationReference = 45C5265FABB77D78F638C5DF /* Pods-Dashborad-DashboradUITests.release.xcconfig */;
			buildSettings = {
				ALWAYS_EMBED_SWIFT_STANDARD_LIBRARIES = YES;
				CODE_SIGN_STYLE = Automatic;
				INFOPLIST_FILE = DashboradUITests/Info.plist;
				LD_RUNPATH_SEARCH_PATHS = (
					"$(inherited)",
					"@executable_path/Frameworks",
					"@loader_path/Frameworks",
				);
				PRODUCT_BUNDLE_IDENTIFIER = Jamil.DashboradUITests;
				PRODUCT_NAME = "$(TARGET_NAME)";
				SWIFT_VERSION = 5.0;
				TARGETED_DEVICE_FAMILY = "1,2";
				TEST_TARGET_NAME = Dashborad;
			};
			name = Release;
		};
/* End XCBuildConfiguration section */

/* Begin XCConfigurationList section */
		DC14EFAD23DBE3BC002F0F7A /* Build configuration list for PBXProject "Dashborad" */ = {
			isa = XCConfigurationList;
			buildConfigurations = (
				DC14EFDA23DBE3C0002F0F7A /* Debug */,
				DC14EFDB23DBE3C0002F0F7A /* Release */,
			);
			defaultConfigurationIsVisible = 0;
			defaultConfigurationName = Release;
		};
		DC14EFDC23DBE3C0002F0F7A /* Build configuration list for PBXNativeTarget "Dashborad" */ = {
			isa = XCConfigurationList;
			buildConfigurations = (
				DC14EFDD23DBE3C0002F0F7A /* Debug */,
				DC14EFDE23DBE3C0002F0F7A /* Release */,
			);
			defaultConfigurationIsVisible = 0;
			defaultConfigurationName = Release;
		};
		DC14EFDF23DBE3C0002F0F7A /* Build configuration list for PBXNativeTarget "DashboradTests" */ = {
			isa = XCConfigurationList;
			buildConfigurations = (
				DC14EFE023DBE3C0002F0F7A /* Debug */,
				DC14EFE123DBE3C0002F0F7A /* Release */,
			);
			defaultConfigurationIsVisible = 0;
			defaultConfigurationName = Release;
		};
		DC14EFE223DBE3C0002F0F7A /* Build configuration list for PBXNativeTarget "DashboradUITests" */ = {
			isa = XCConfigurationList;
			buildConfigurations = (
				DC14EFE323DBE3C0002F0F7A /* Debug */,
				DC14EFE423DBE3C0002F0F7A /* Release */,
			);
			defaultConfigurationIsVisible = 0;
			defaultConfigurationName = Release;
		};
/* End XCConfigurationList section */
	};
	rootObject = DC14EFAA23DBE3BC002F0F7A /* Project object */;
}
